Microsoft Visual Studio Solution File, Format Version 12.00
# Visual Studio Version 17
VisualStudioVersion = 17.5.2.0
MinimumVisualStudioVersion = 10.0.40219.1
Project("{FAE04EC0-301F-11D3-BF4B-00C04F79EFBC}") = "MySql_conexion", "MySql_conexion.csproj", "{2ED34213-5996-76B3-34E3-06B7D3E0565A}"
EndProject
Global
	GlobalSection(SolutionConfigurationPlatforms) = preSolution
		Debug|Any CPU = Debug|Any CPU
		Release|Any CPU = Release|Any CPU
	EndGlobalSection
	GlobalSection(ProjectConfigurationPlatforms) = postSolution
		{2ED34213-5996-76B3-34E3-06B7D3E0565A}.Debug|Any CPU.ActiveCfg = Debug|Any CPU
		{2ED34213-5996-76B3-34E3-06B7D3E0565A}.Debug|Any CPU.Build.0 = Debug|Any CPU
		{2ED34213-5996-76B3-34E3-06B7D3E0565A}.Release|Any CPU.ActiveCfg = Release|Any CPU
		{2ED34213-5996-76B3-34E3-06B7D3E0565A}.Release|Any CPU.Build.0 = Release|Any CPU
	EndGlobalSection
	GlobalSection(SolutionProperties) = preSolution
		HideSolutionNode = FALSE
	EndGlobalSection
	GlobalSection(ExtensibilityGlobals) = postSolution
		SolutionGuid = {7E69C2C7-CADD-497B-BEAA-8E5588C66560}
	EndGlobalSection
EndGlobal
